<?xml version="1.0" encoding="utf-8"?>
<Project ToolsVersion="4.0" xmlns="http://schemas.microsoft.com/developer/msbuild/2003">
  <ItemGroup>
    <Filter Include="Source Files">
      <UniqueIdentifier>{4FC737F1-C7A5-4376-A066-2A32D752A2FF}</UniqueIdentifier>
      <Extensions>cpp;cxx;c;def</Extensions>
    </Filter>
    <Filter Include="Resource Files">
      <UniqueIdentifier>{D9D6E242-F8AF-46E4-B9FD-80ECBC20BA3E}</UniqueIdentifier>
      <Extensions>qrc;*</Extensions>
      <ParseFiles>false</ParseFiles>
    </Filter>
    <Filter Include="Generated Files">
      <UniqueIdentifier>{71ED8ED8-ACB9-4CE9-BBE1-E00B30144E11}</UniqueIdentifier>
      <Extensions>moc;h;cpp</Extensions>
      <SourceControlFiles>False</SourceControlFiles>
    </Filter>
    <Filter Include="Generated Files\Debug">
      <UniqueIdentifier>{e38c0dd0-d268-4fe4-aa3e-61c402dc5f91}</UniqueIdentifier>
      <Extensions>cpp;moc</Extensions>
      <SourceControlFiles>False</SourceControlFiles>
    </Filter>
    <Filter Include="Generated Files\Release">
      <UniqueIdentifier>{69c8fece-e4a7-4250-aad6-f3f4ca250400}</UniqueIdentifier>
      <Extensions>cpp;moc</Extensions>
      <SourceControlFiles>False</SourceControlFiles>
    </Filter>
    <Filter Include="Source Files\Dialog">
      <UniqueIdentifier>{c400f2a1-3bb5-463f-8718-e2acb5c7888e}</UniqueIdentifier>
    </Filter>
    <Filter Include="Source Files\Major">
      <UniqueIdentifier>{ab1b5fb7-5197-4990-9aaa-39b6f1eafd3a}</UniqueIdentifier>
    </Filter>
  </ItemGroup>
  <ItemGroup>
    <ClCompile Include="GeneratedFiles\qrc_CredentialManagerByQT.cpp">
      <Filter>Generated Files</Filter>
    </ClCompile>
    <ClCompile Include="Source\qt_main.cpp">
      <Filter>Source Files</Filter>
    </ClCompile>
    <ClCompile Include="Source\Dialog\CreateDialog.cpp">
      <Filter>Source Files\Dialog</Filter>
    </ClCompile>
    <ClCompile Include="Source\Dialog\HintDialog.cpp">
      <Filter>Source Files\Dialog</Filter>
    </ClCompile>
    <ClCompile Include="Source\Dialog\PasswordInput.cpp">
      <Filter>Source Files\Dialog</Filter>
    </ClCompile>
    <ClCompile Include="Source\Major\CredentialItem.cpp">
      <Filter>Source Files\Major</Filter>
    </ClCompile>
    <ClCompile Include="Source\Major\CredentialMainView.cpp">
      <Filter>Source Files\Major</Filter>
    </ClCompile>
    <ClCompile Include="Source\Major\CredentialView.cpp">
      <Filter>Source Files\Major</Filter>
    </ClCompile>
    <ClCompile Include="Source\Major\CredentialDialog.cpp">
      <Filter>Source Files\Major</Filter>
    </ClCompile>
  </ItemGroup>
  <ItemGroup>
    <CustomBuild Include="CredentialManagerByQT.qrc">
      <Filter>Resource Files</Filter>
    </CustomBuild>
  </ItemGroup>
  <ItemGroup>
    <ResourceCompile Include="CredentialManagerByQT.rc">
      <Filter>Resource Files</Filter>
    </ResourceCompile>
  </ItemGroup>
  <ItemGroup>
    <ClInclude Include="Source\Dialog\CreateDialog.h">
      <Filter>Source Files\Dialog</Filter>
    </ClInclude>
    <ClInclude Include="Source\Dialog\HintDialog.h">
      <Filter>Source Files\Dialog</Filter>
    </ClInclude>
    <ClInclude Include="Source\Dialog\PasswordInput.h">
      <Filter>Source Files\Dialog</Filter>
    </ClInclude>
    <ClInclude Include="Source\Major\CredentialItem.h">
      <Filter>Source Files\Major</Filter>
    </ClInclude>
    <ClInclude Include="Source\Major\CredentialMainView.h">
      <Filter>Source Files\Major</Filter>
    </ClInclude>
    <ClInclude Include="Source\Major\CredentialView.h">
      <Filter>Source Files\Major</Filter>
    </ClInclude>
    <ClInclude Include="Source\Major\CredentialDialog.h">
      <Filter>Source Files\Major</Filter>
    </ClInclude>
  </ItemGroup>
  <ItemGroup>
    <Image Include="Resources\vs.ico">
      <Filter>Resource Files</Filter>
    </Image>
  </ItemGroup>
</Project>