<?xml version="1.0" encoding="utf-8"?>
<Project ToolsVersion="4.0" xmlns="http://schemas.microsoft.com/developer/msbuild/2003">
  <ItemGroup>
    <Filter Include="sources">
      <UniqueIdentifier>{ba082dbb-0fa1-4d0b-b8fc-bd5bbebf3529}</UniqueIdentifier>
    </Filter>
    <Filter Include="resources">
      <UniqueIdentifier>{D9D6E242-F8AF-46E4-B9FD-80ECBC20BA3E}</UniqueIdentifier>
      <Extensions>qrc;*</Extensions>
      <ParseFiles>false</ParseFiles>
    </Filter>
    <Filter Include="sources\widgets">
      <UniqueIdentifier>{559c4461-8933-49c1-9cc4-b63646805bda}</UniqueIdentifier>
    </Filter>
    <Filter Include="sources\views">
      <UniqueIdentifier>{cf7afdb7-15f9-423b-8451-20ae668a7a33}</UniqueIdentifier>
    </Filter>
  </ItemGroup>
  <ItemGroup>
    <ResourceCompile Include="..\..\..\sources\cm-view\CredentialManagerQT.rc">
      <Filter>resources</Filter>
    </ResourceCompile>
  </ItemGroup>
  <ItemGroup>
    <QtRcc Include="..\..\..\sources\cm-view\credentialmanagerqt.qrc">
      <Filter>resources</Filter>
    </QtRcc>
  </ItemGroup>
  <ItemGroup>
    <ClCompile Include="..\..\..\sources\cm-view\cm_view_main.cpp">
      <Filter>sources</Filter>
    </ClCompile>
    <ClCompile Include="..\..\..\sources\cm-view\cm_view_utils.cpp">
      <Filter>sources</Filter>
    </ClCompile>
    <ClCompile Include="..\..\..\sources\cm-view\views\MainView.cpp">
      <Filter>sources\views</Filter>
    </ClCompile>
    <ClCompile Include="..\..\..\sources\cm-view\views\StackView.cpp">
      <Filter>sources\views</Filter>
    </ClCompile>
    <ClCompile Include="..\..\..\sources\cm-view\views\ToolBar.cpp">
      <Filter>sources\views</Filter>
    </ClCompile>
    <ClCompile Include="..\..\..\sources\cm-view\views\TreeView.cpp">
      <Filter>sources\views</Filter>
    </ClCompile>
    <ClCompile Include="..\..\..\sources\cm-view\widgets\HintDialog.cpp">
      <Filter>sources\widgets</Filter>
    </ClCompile>
    <ClCompile Include="..\..\..\sources\cm-view\widgets\LoginDialog.cpp">
      <Filter>sources\widgets</Filter>
    </ClCompile>
  </ItemGroup>
  <ItemGroup>
    <ClInclude Include="..\..\..\sources\cm-view\cm_view_utils.h">
      <Filter>sources</Filter>
    </ClInclude>
    <ClInclude Include="..\..\..\sources\cm-view\views\MainView.h">
      <Filter>sources\views</Filter>
    </ClInclude>
    <ClInclude Include="..\..\..\sources\cm-view\views\StackView.h">
      <Filter>sources\views</Filter>
    </ClInclude>
    <ClInclude Include="..\..\..\sources\cm-view\views\ToolBar.h">
      <Filter>sources\views</Filter>
    </ClInclude>
    <ClInclude Include="..\..\..\sources\cm-view\views\TreeView.h">
      <Filter>sources\views</Filter>
    </ClInclude>
    <ClInclude Include="..\..\..\sources\cm-view\cm_view_delegate.h">
      <Filter>sources</Filter>
    </ClInclude>
    <ClInclude Include="..\..\..\sources\cm-view\widgets\HintDialog.h">
      <Filter>sources\widgets</Filter>
    </ClInclude>
    <ClInclude Include="..\..\..\sources\cm-view\widgets\LoginDialog.h">
      <Filter>sources\widgets</Filter>
    </ClInclude>
  </ItemGroup>
</Project>