<?xml version="1.0" encoding="utf-8"?>
<Project ToolsVersion="4.0" xmlns="http://schemas.microsoft.com/developer/msbuild/2003">
  <ItemGroup>
    <Filter Include="Source Files">
      <UniqueIdentifier>{4FC737F1-C7A5-4376-A066-2A32D752A2FF}</UniqueIdentifier>
      <Extensions>cpp;cxx;c;def</Extensions>
    </Filter>
    <Filter Include="Resource Files">
      <UniqueIdentifier>{D9D6E242-F8AF-46E4-B9FD-80ECBC20BA3E}</UniqueIdentifier>
      <Extensions>qrc;*</Extensions>
      <ParseFiles>false</ParseFiles>
    </Filter>
    <Filter Include="Generated Files">
      <UniqueIdentifier>{71ED8ED8-ACB9-4CE9-BBE1-E00B30144E11}</UniqueIdentifier>
      <Extensions>moc;h;cpp</Extensions>
      <SourceControlFiles>False</SourceControlFiles>
    </Filter>
    <Filter Include="Generated Files\Debug">
      <UniqueIdentifier>{15e48f75-28b8-41bd-ac1a-8fd3a6912723}</UniqueIdentifier>
      <Extensions>cpp;moc</Extensions>
      <SourceControlFiles>False</SourceControlFiles>
    </Filter>
    <Filter Include="Generated Files\Release">
      <UniqueIdentifier>{84a8cd66-a548-41d3-b300-7942c6fdb7a5}</UniqueIdentifier>
      <Extensions>cpp;moc</Extensions>
      <SourceControlFiles>False</SourceControlFiles>
    </Filter>
    <Filter Include="Source Files\Major">
      <UniqueIdentifier>{f1a2ccb0-50c1-4100-a51b-c1b8b7d53760}</UniqueIdentifier>
    </Filter>
    <Filter Include="Source Files\Dialog">
      <UniqueIdentifier>{172a2be3-a77e-45c1-a44a-231baa266c1a}</UniqueIdentifier>
    </Filter>
    <Filter Include="Source Files\View">
      <UniqueIdentifier>{31102b80-bbc3-4d6a-b2ff-e3c1a4a7c79f}</UniqueIdentifier>
    </Filter>
  </ItemGroup>
  <ItemGroup>
    <ClCompile Include="GeneratedFiles\qrc_credentialmanagerqt.cpp">
      <Filter>Generated Files</Filter>
    </ClCompile>
    <ClCompile Include="Source\credential_qt_main.cpp">
      <Filter>Source Files</Filter>
    </ClCompile>
    <ClCompile Include="Source\credential_qt_utils.cpp">
      <Filter>Source Files</Filter>
    </ClCompile>
    <ClCompile Include="Source\Dialog\CreateDialog.cpp">
      <Filter>Source Files\Dialog</Filter>
    </ClCompile>
    <ClCompile Include="Source\Dialog\EditDialog.cpp">
      <Filter>Source Files\Dialog</Filter>
    </ClCompile>
    <ClCompile Include="Source\Dialog\HintDialog.cpp">
      <Filter>Source Files\Dialog</Filter>
    </ClCompile>
    <ClCompile Include="Source\Dialog\PasswordInput.cpp">
      <Filter>Source Files\Dialog</Filter>
    </ClCompile>
    <ClCompile Include="Source\Major\ContentView.cpp">
      <Filter>Source Files\Major</Filter>
    </ClCompile>
    <ClCompile Include="Source\Major\MainView.cpp">
      <Filter>Source Files\Major</Filter>
    </ClCompile>
    <ClCompile Include="Source\View\ViewBase.cpp">
      <Filter>Source Files\View</Filter>
    </ClCompile>
    <ClCompile Include="Source\View\CredentialView.cpp">
      <Filter>Source Files\View</Filter>
    </ClCompile>
    <ClCompile Include="Source\Major\ToolBar.cpp">
      <Filter>Source Files\Major</Filter>
    </ClCompile>
    <ClCompile Include="Source\credential_model_manager.cpp">
      <Filter>Source Files</Filter>
    </ClCompile>
    <ClCompile Include="Source\credential_qt_manager.cpp">
      <Filter>Source Files</Filter>
    </ClCompile>
    <ClCompile Include="Source\credential_view_manager.cpp">
      <Filter>Source Files</Filter>
    </ClCompile>
    <ClCompile Include="Source\Major\TreeView.cpp">
      <Filter>Source Files\Major</Filter>
    </ClCompile>
  </ItemGroup>
  <ItemGroup>
    <CustomBuild Include="credentialmanagerqt.qrc">
      <Filter>Resource Files</Filter>
    </CustomBuild>
  </ItemGroup>
  <ItemGroup>
    <ResourceCompile Include="CredentialManagerQT.rc">
      <Filter>Resource Files</Filter>
    </ResourceCompile>
  </ItemGroup>
  <ItemGroup>
    <ClInclude Include="Source\credential_qt_utils.h">
      <Filter>Source Files</Filter>
    </ClInclude>
    <ClInclude Include="Source\Dialog\CreateDialog.h">
      <Filter>Source Files\Dialog</Filter>
    </ClInclude>
    <ClInclude Include="Source\Dialog\EditDialog.h">
      <Filter>Source Files\Dialog</Filter>
    </ClInclude>
    <ClInclude Include="Source\Dialog\HintDialog.h">
      <Filter>Source Files\Dialog</Filter>
    </ClInclude>
    <ClInclude Include="Source\Dialog\PasswordInput.h">
      <Filter>Source Files\Dialog</Filter>
    </ClInclude>
    <ClInclude Include="Source\Major\ContentView.h">
      <Filter>Source Files\Major</Filter>
    </ClInclude>
    <ClInclude Include="Source\Major\MainView.h">
      <Filter>Source Files\Major</Filter>
    </ClInclude>
    <ClInclude Include="Source\View\ViewBase.h">
      <Filter>Source Files\View</Filter>
    </ClInclude>
    <ClInclude Include="Source\View\CredentialView.h">
      <Filter>Source Files\View</Filter>
    </ClInclude>
    <ClInclude Include="Source\Major\ToolBar.h">
      <Filter>Source Files\Major</Filter>
    </ClInclude>
    <ClInclude Include="Source\credential_model_manager.h">
      <Filter>Source Files</Filter>
    </ClInclude>
    <ClInclude Include="Source\credential_qt_manager.h">
      <Filter>Source Files</Filter>
    </ClInclude>
    <ClInclude Include="Source\credential_view_manager.h">
      <Filter>Source Files</Filter>
    </ClInclude>
    <ClInclude Include="Source\Major\TreeView.h">
      <Filter>Source Files\Major</Filter>
    </ClInclude>
  </ItemGroup>
</Project>