<?xml version="1.0" encoding="utf-8"?>
<Project ToolsVersion="4.0" xmlns="http://schemas.microsoft.com/developer/msbuild/2003">
  <ItemGroup>
    <Filter Include="资源文件">
      <UniqueIdentifier>{67DA6AB6-F800-4c08-8B7A-83BB121AAD01}</UniqueIdentifier>
      <Extensions>rc;ico;cur;bmp;dlg;rc2;rct;bin;rgs;gif;jpg;jpeg;jpe;resx;tiff;tif;png;wav;mfcribbon-ms</Extensions>
    </Filter>
    <Filter Include="Source Files">
      <UniqueIdentifier>{4FC737F1-C7A5-4376-A066-2A32D752A2FF}</UniqueIdentifier>
      <Extensions>cpp;c;cc;cxx;def;odl;idl;hpj;bat;asm;asmx</Extensions>
    </Filter>
    <Filter Include="Source Files\Credential">
      <UniqueIdentifier>{29c96c5c-c965-4bd0-a717-38bb240aaca8}</UniqueIdentifier>
    </Filter>
    <Filter Include="Source Files\pugixml">
      <UniqueIdentifier>{691dd05e-4bc2-46bc-be96-25f4ff710241}</UniqueIdentifier>
    </Filter>
    <Filter Include="Source Files\encrypt">
      <UniqueIdentifier>{5cc91d6a-c10e-4866-acbe-f9353dda4755}</UniqueIdentifier>
    </Filter>
  </ItemGroup>
  <ItemGroup>
    <ClCompile Include="Credential\Credential.cpp">
      <Filter>Source Files\Credential</Filter>
    </ClCompile>
    <ClCompile Include="pugixml\pugixml.cpp">
      <Filter>Source Files\pugixml</Filter>
    </ClCompile>
    <ClCompile Include="encrypt\RC4.cpp">
      <Filter>Source Files\encrypt</Filter>
    </ClCompile>
    <ClCompile Include="encrypt\sha256.cpp">
      <Filter>Source Files\encrypt</Filter>
    </ClCompile>
  </ItemGroup>
  <ItemGroup>
    <ClInclude Include="Credential\Credential.h">
      <Filter>Source Files\Credential</Filter>
    </ClInclude>
    <ClInclude Include="pugixml\pugiconfig.hpp">
      <Filter>Source Files\pugixml</Filter>
    </ClInclude>
    <ClInclude Include="pugixml\pugixml.hpp">
      <Filter>Source Files\pugixml</Filter>
    </ClInclude>
    <ClInclude Include="encrypt\RC4.h">
      <Filter>Source Files\encrypt</Filter>
    </ClInclude>
    <ClInclude Include="encrypt\sha256.h">
      <Filter>Source Files\encrypt</Filter>
    </ClInclude>
    <ClInclude Include="bnb_global.h">
      <Filter>Source Files</Filter>
    </ClInclude>
  </ItemGroup>
</Project>